{
    "_meta": {
        "hash": {
            "sha256": "9de8cbc8e39f5cf26cee156ecd3aa4e6df5024b4d07dc6298b208877ed8c1d3d"
        },
        "pipfile-spec": 6,
        "requires": {
            "python_version": "3.9"
        },
        "sources": [
            {
                "name": "pypi",
                "url": "https://pypi.org/simple",
                "verify_ssl": true
            }
        ]
    },
    "default": {
        "asgiref": {
            "hashes": [
                "sha256:1d2880b792ae8757289136f1db2b7b99100ce959b2aa57fd69dab783d05afac4",
                "sha256:4a29362a6acebe09bf1d6640db38c1dc3d9217c68e6f9f6204d72667fc19a424"
            ],
            "markers": "python_version >= '3.7'",
            "version": "==3.5.2"
        },
        "click": {
            "hashes": [
                "sha256:7682dc8afb30297001674575ea00d1814d808d6a36af415a82bd481d37ba7b8e",
                "sha256:bb4d8133cb15a609f44e8213d9b391b0809795062913b383c62be0ee95b1db48"
            ],
            "markers": "python_version >= '3.7'",
            "version": "==8.1.3"
        },
        "colorama": {
            "hashes": [
                "sha256:5941b2b48a20143d2267e95b1c2a7603ce057ee39fd88e7329b0c292aa16869b",
                "sha256:9f47eda37229f68eee03b24b9748937c7dc3868f906e8ba69fbcbdd3bc5dc3e2"
            ],
            "markers": "platform_system == 'Windows'",
            "version": "==0.4.4"
        },
        "django": {
            "hashes": [
                "sha256:07c8638e7a7f548dc0acaaa7825d84b7bd42b10e8d22268b3d572946f1e9b687",
                "sha256:4e8177858524417563cc0430f29ea249946d831eacb0068a1455686587df40b5"
            ],
            "index": "pypi",
            "version": "==4.0.4"
        },
        "djangorestframework": {
            "hashes": [
                "sha256:0c33407ce23acc68eca2a6e46424b008c9c02eceb8cf18581921d0092bc1f2ee",
                "sha256:24c4bf58ed7e85d1fe4ba250ab2da926d263cd57d64b03e8dcef0ac683f8b1aa"
            ],
            "index": "pypi",
            "version": "==3.13.1"
        },
        "dlib": {
            "hashes": [
                "sha256:24f3009158e0d92386ee0c0c1317a37bab7b5ba846d444194c61ffa0964f986f"
            ],
            "version": "==19.24.0"
        },
        "face-recognition": {
            "hashes": [
                "sha256:5e5efdd1686aa566af0d3cc1313b131e4b197657a8ffd03669e6d3fad92705ec",
                "sha256:c543e91c8cfbf24d19db04e511ebbddcb23894bcee510133729ee78e9f4b5e83"
            ],
            "index": "pypi",
            "version": "==1.3.0"
        },
        "face-recognition-models": {
            "hashes": [
                "sha256:b79bd200a88c87c9a9d446c990ae71c5a626d1f3730174e6d570157ff1d896cf"
            ],
            "version": "==0.3.0"
        },
        "gunicorn": {
            "hashes": [
                "sha256:9dcc4547dbb1cb284accfb15ab5667a0e5d1881cc443e0677b4882a4067a807e",
                "sha256:e0a968b5ba15f8a328fdfd7ab1fcb5af4470c28aaf7e55df02a99bc13138e6e8"
            ],
            "index": "pypi",
            "version": "==20.1.0"
        },
        "numpy": {
            "hashes": [
                "sha256:0791fbd1e43bf74b3502133207e378901272f3c156c4df4954cad833b1380207",
                "sha256:1ce7ab2053e36c0a71e7a13a7475bd3b1f54750b4b433adc96313e127b870887",
                "sha256:2d487e06ecbf1dc2f18e7efce82ded4f705f4bd0cd02677ffccfb39e5c284c7e",
                "sha256:37431a77ceb9307c28382c9773da9f306435135fae6b80b62a11c53cfedd8802",
                "sha256:3e1ffa4748168e1cc8d3cde93f006fe92b5421396221a02f2274aab6ac83b077",
                "sha256:425b390e4619f58d8526b3dcf656dde069133ae5c240229821f01b5f44ea07af",
                "sha256:43a8ca7391b626b4c4fe20aefe79fec683279e31e7c79716863b4b25021e0e74",
                "sha256:4c6036521f11a731ce0648f10c18ae66d7143865f19f7299943c985cdc95afb5",
                "sha256:59d55e634968b8f77d3fd674a3cf0b96e85147cd6556ec64ade018f27e9479e1",
                "sha256:64f56fc53a2d18b1924abd15745e30d82a5782b2cab3429aceecc6875bd5add0",
                "sha256:7228ad13744f63575b3a972d7ee4fd61815b2879998e70930d4ccf9ec721dce0",
                "sha256:9ce7df0abeabe7fbd8ccbf343dc0db72f68549856b863ae3dd580255d009648e",
                "sha256:a911e317e8c826ea632205e63ed8507e0dc877dcdc49744584dfc363df9ca08c",
                "sha256:b89bf9b94b3d624e7bb480344e91f68c1c6c75f026ed6755955117de00917a7c",
                "sha256:ba9ead61dfb5d971d77b6c131a9dbee62294a932bf6a356e48c75ae684e635b3",
                "sha256:c1d937820db6e43bec43e8d016b9b3165dcb42892ea9f106c70fb13d430ffe72",
                "sha256:cc7f00008eb7d3f2489fca6f334ec19ca63e31371be28fd5dad955b16ec285bd",
                "sha256:d4c5d5eb2ec8da0b4f50c9a843393971f31f1d60be87e0fb0917a49133d257d6",
                "sha256:e96d7f3096a36c8754207ab89d4b3282ba7b49ea140e4973591852c77d09eb76",
                "sha256:f0725df166cf4785c0bc4cbfb320203182b1ecd30fee6e541c8752a92df6aa32",
                "sha256:f3eb268dbd5cfaffd9448113539e44e2dd1c5ca9ce25576f7c04a5453edc26fa",
                "sha256:fb7a980c81dd932381f8228a426df8aeb70d59bbcda2af075b627bbc50207cba"
            ],
            "markers": "python_version >= '3.7'",
            "version": "==1.22.4"
        },
        "opencv-python": {
            "hashes": [
                "sha256:408d5332550287aa797fd06bef47b2dfed163c6787668cc82ef9123a9484b56a",
                "sha256:6247e584813c00c3b9ed69a795da40d2c153dc923d0182e957e1c2f00a554ac2",
                "sha256:7787bb017ae93d5f9bb1b817ac8e13e45dd193743cb648498fcab21d00cf20a3",
                "sha256:a512a0c59b6fec0fac3844b2f47d6ecb1a9d18d235e6c5491ce8dbbe0663eae8",
                "sha256:b293ced62f4360d9f11cf72ae7e9df95320ff7bf5b834d87546f844e838c0c35",
                "sha256:ca6138b6903910e384067d001763d40f97656875487381aed32993b076f44375",
                "sha256:f65de0446a330c3b773cd04ba10345d8ce1b15dcac3f49770204e37602d0b3f7"
            ],
            "index": "pypi",
            "version": "==4.5.5.64"
        },
        "pillow": {
            "hashes": [
                "sha256:088df396b047477dd1bbc7de6e22f58400dae2f21310d9e2ec2933b2ef7dfa4f",
                "sha256:09e67ef6e430f90caa093528bd758b0616f8165e57ed8d8ce014ae32df6a831d",
                "sha256:0b4d5ad2cd3a1f0d1df882d926b37dbb2ab6c823ae21d041b46910c8f8cd844b",
                "sha256:0b525a356680022b0af53385944026d3486fc8c013638cf9900eb87c866afb4c",
                "sha256:1d4331aeb12f6b3791911a6da82de72257a99ad99726ed6b63f481c0184b6fb9",
                "sha256:20d514c989fa28e73a5adbddd7a171afa5824710d0ab06d4e1234195d2a2e546",
                "sha256:2b291cab8a888658d72b575a03e340509b6b050b62db1f5539dd5cd18fd50578",
                "sha256:3f6c1716c473ebd1649663bf3b42702d0d53e27af8b64642be0dd3598c761fb1",
                "sha256:42dfefbef90eb67c10c45a73a9bc1599d4dac920f7dfcbf4ec6b80cb620757fe",
                "sha256:488f3383cf5159907d48d32957ac6f9ea85ccdcc296c14eca1a4e396ecc32098",
                "sha256:4d45dbe4b21a9679c3e8b3f7f4f42a45a7d3ddff8a4a16109dff0e1da30a35b2",
                "sha256:53c27bd452e0f1bc4bfed07ceb235663a1df7c74df08e37fd6b03eb89454946a",
                "sha256:55e74faf8359ddda43fee01bffbc5bd99d96ea508d8a08c527099e84eb708f45",
                "sha256:59789a7d06c742e9d13b883d5e3569188c16acb02eeed2510fd3bfdbc1bd1530",
                "sha256:5b650dbbc0969a4e226d98a0b440c2f07a850896aed9266b6fedc0f7e7834108",
                "sha256:66daa16952d5bf0c9d5389c5e9df562922a59bd16d77e2a276e575d32e38afd1",
                "sha256:6e760cf01259a1c0a50f3c845f9cad1af30577fd8b670339b1659c6d0e7a41dd",
                "sha256:7502539939b53d7565f3d11d87c78e7ec900d3c72945d4ee0e2f250d598309a0",
                "sha256:769a7f131a2f43752455cc72f9f7a093c3ff3856bf976c5fb53a59d0ccc704f6",
                "sha256:7c150dbbb4a94ea4825d1e5f2c5501af7141ea95825fadd7829f9b11c97aaf6c",
                "sha256:8844217cdf66eabe39567118f229e275f0727e9195635a15e0e4b9227458daaf",
                "sha256:8a66fe50386162df2da701b3722781cbe90ce043e7d53c1fd6bd801bca6b48d4",
                "sha256:9370d6744d379f2de5d7fa95cdbd3a4d92f0b0ef29609b4b1687f16bc197063d",
                "sha256:937a54e5694684f74dcbf6e24cc453bfc5b33940216ddd8f4cd8f0f79167f765",
                "sha256:9c857532c719fb30fafabd2371ce9b7031812ff3889d75273827633bca0c4602",
                "sha256:a4165205a13b16a29e1ac57efeee6be2dfd5b5408122d59ef2145bc3239fa340",
                "sha256:b3fe2ff1e1715d4475d7e2c3e8dabd7c025f4410f79513b4ff2de3d51ce0fa9c",
                "sha256:b6617221ff08fbd3b7a811950b5c3f9367f6e941b86259843eab77c8e3d2b56b",
                "sha256:b761727ed7d593e49671d1827044b942dd2f4caae6e51bab144d4accf8244a84",
                "sha256:baf3be0b9446a4083cc0c5bb9f9c964034be5374b5bc09757be89f5d2fa247b8",
                "sha256:c17770a62a71718a74b7548098a74cd6880be16bcfff5f937f900ead90ca8e92",
                "sha256:c67db410508b9de9c4694c57ed754b65a460e4812126e87f5052ecf23a011a54",
                "sha256:d78ca526a559fb84faaaf84da2dd4addef5edb109db8b81677c0bb1aad342601",
                "sha256:e9ed59d1b6ee837f4515b9584f3d26cf0388b742a11ecdae0d9237a94505d03a",
                "sha256:f054b020c4d7e9786ae0404278ea318768eb123403b18453e28e47cdb7a0a4bf",
                "sha256:f372d0f08eff1475ef426344efe42493f71f377ec52237bf153c5713de987251",
                "sha256:f3f6a6034140e9e17e9abc175fc7a266a6e63652028e157750bd98e804a8ed9a",
                "sha256:ffde4c6fabb52891d81606411cbfaf77756e3b561b566efd270b3ed3791fde4e"
            ],
            "markers": "python_version >= '3.7'",
            "version": "==9.1.1"
        },
        "pybase64": {
            "hashes": [
                "sha256:02eb1030b407ee339eb18e724941a3666406b0c180b7970cee2f57c977da843c",
                "sha256:068c23e9ee5d635975c5a82a02437ed909938721f0a2bf99258af5f69bd6aca9",
                "sha256:0eeb4f820d7831bb45f278ec8ac2ad53cc18379e9b6e11e51e24ad17f0e5b80e",
                "sha256:11d8b85d194180c58c9ff878b15c883f6003ffa9095414800857681d17171409",
                "sha256:1575879411221badf51c6dbf32f257d1c6b5cd97518ac004dabfc616a8857f30",
                "sha256:18469ec77b6f16db0234b5feb83f2f6e21ac43a3366ec518370f01023aaa2eb3",
                "sha256:2b181e5df0a5c381e0f5089c9646ea67bf8a291c687e896d79af58ae571dc789",
                "sha256:2eebc41bfe5da5a829416f4feb556d18d296028527209f9cbf71babdc9808d8a",
                "sha256:33d7eaa26ca5a63560d1d42c35a6b3e68dea75aba5b222eb17f4f9422cac0891",
                "sha256:3545b80ae82d79eb4d283316cc9e7e56a1b13ce2f082907d3aef51d920942e71",
                "sha256:375047e287a88b1554303fb74e5f9f39fb71b70e49f136ab2780787bb93c8f16",
                "sha256:3d687d9f641e9b16d78a80afa9186625246c1020ee0442f0ee98682e870d7c6a",
                "sha256:4099c8ec58ec013a0c4874d467eae569d434816cb1dd2ab7d1d5eb9dd7096a02",
                "sha256:45ffb001b46704b16911f2a775667d8a9de67fb301f7ff585e30eb5c47dd588b",
                "sha256:49d3496efc537afbc0765928f19d9de21adf6dd01837eb399f0af2bae752da5c",
                "sha256:580ae89b790e579f1a7741a2747902a00232c61b0776ac2e5fd2424531bad5ae",
                "sha256:5facfa5caa5899dba703546ad19512d075d2fe040ea3f505caac46732b369c6f",
                "sha256:6551cd35556949c6c9c949c17f0eb3e5f74e796e9df698b58ada34fdd0c42556",
                "sha256:66edaebdcd5654ee78a5b21681e41489d148946081b4f1e23172918eb6225055",
                "sha256:6a2a02fec53dbc22b1d93835d6c8ab430a6183ef3b8ea2f8471c6f1b0fdd4a48",
                "sha256:6e85e21fa7b00feed149764636378e96825d6a10e8b11653ef4820d6fd4873fd",
                "sha256:6f0cd2c0dd70d36ec7dba0a0dd87a0976e7569eacbf7747bd7493ee174c410d0",
                "sha256:725d15f1d9748fa4239ebd43436a0d99a7fe088d13367410b51c9a62c5d87a0a",
                "sha256:7cd5fab960b1200c150bc018aab6892225d52388883f74ec8f5e29a83613b686",
                "sha256:7ded67b2691c3d14028d7bcda291f8920ad1fcfa663dfca1f62f67ef1a3c1746",
                "sha256:801596853a71cfaada9ff51f716f15985c5beb5978978922d83c67e238c03506",
                "sha256:82654b13a90c83d9b71e46ca1709a9fa9d262f832b28ca8847aaae8b77d8fc18",
                "sha256:8733d5800216b1f0ecad889f7249d836e454da45c3843bd47f5f1af4fbce4c84",
                "sha256:8c7665154eea593a0bc00fd5aa527e6d6d8084642b05a946ac2de0b2f7749b4f",
                "sha256:914597ec60dbc20dd25bca36bcfd58b901b38e01ffc3691cd3f7832a09e83561",
                "sha256:92213f2cd66d1c757df06baefe5bf2e8413dc1dd6ea6b93c4470443b3d1ed4b0",
                "sha256:9352337d9c48e40306a2ab103a6ef867117aade0dcd7340b54d53b15bf771942",
                "sha256:9a4f36c2b80a4ac3d7c4a7787c0e55d6dfcfbda248a2f1666bc9e55f803a7960",
                "sha256:9bf06ad35882af4a11e49f7f4dd45242c866aa7315dd767183796dd9bcc346f8",
                "sha256:a217644bc61a5efe8749ab6c8bf8cf0962c77d7e681cf64ca06f06a2b70a0cd4",
                "sha256:b21892ec3cd411d29bef4756084ab6205cec8cb1fd4fea1338d0f8d4ce04f2e1",
                "sha256:b30c0fc1a741f961d83dfbc3802a0de670bf860bc582703dcf863de315074ce0",
                "sha256:b6992c68d1bdda0b486edff1b62a0323856ac47f174a6c402ac64a8cbe6c4721",
                "sha256:b812108c8fa005bfd6ae331bd84200d0810b4c14eafc3a70935644bbe35fa719",
                "sha256:bb4d394f3595eb49f27fd1fcf8c7940b57cf5452c5e7b15a0b43a66614402df7",
                "sha256:c21bd40fc6ec44f53591b00872cddcf57cd6356ff9130b3e9557a55a494085f2",
                "sha256:c5daa6900c48b08f76af1f8670f77bc7c2a40aa02a9ba83a66e3a54da998cc81",
                "sha256:c84092a1203a6217a43c9cc7374e910c1e1e7ec959b4b5e8dd01552bd08d585e",
                "sha256:d2016a3a487d3d4501d8281f61ee54c25efd65e37a4c7dce8011e0de7183c956",
                "sha256:d4247e91073220457715db451dabaf7dfb9c7d4fbfbea8067468d96a825f2cbb",
                "sha256:dde3a35efa55630b5e7dfd1f9ce2012ca165226a6bcc9ffdb4d956272d81d590",
                "sha256:e10832457adda294687bffe83e49d63f322988bfdd5cd4d09df30cfbaca83973",
                "sha256:e73bbb5f293a9dbb66be8375e0593afb84b4a09d32b33c5c9aef3dfa1caf2070",
                "sha256:e939d81bd36cff1d4ca91383409d1ed75eaa79e73af7f6cf52e500eee8fd3ab6",
                "sha256:ec43323540cde3617170d5bcf588fc955cedd3043dc4ee887634bf4162def347",
                "sha256:ef9915f3c40a68eef2defd32e0dffb0bef7bc02ba9859cc46f0dec0761e18797",
                "sha256:f0fea969fb82e4d388ff58a15e4aa085a5525c8776ce21f808cd2d46e600a9d3",
                "sha256:f2e92dda0abe6f0a914f0ae2f95c3256c9490d9e043f17a271138065fc3735e3",
                "sha256:f6446197af22812d0458ba2f8438d58bfa1b0d29e9f93e03c23e1100b8ee7e3c"
            ],
            "index": "pypi",
            "version": "==1.2.1"
        },
        "python-decouple": {
            "hashes": [
                "sha256:2838cdf77a5cf127d7e8b339ce14c25bceb3af3e674e039d4901ba16359968c7",
                "sha256:6cf502dc963a5c642ea5ead069847df3d916a6420cad5599185de6bab11d8c2e"
            ],
            "index": "pypi",
            "version": "==3.6"
        },
        "pytz": {
            "hashes": [
                "sha256:1e760e2fe6a8163bc0b3d9a19c4f84342afa0a2affebfaa84b01b978a02ecaa7",
                "sha256:e68985985296d9a66a881eb3193b0906246245294a881e7c8afe623866ac6a5c"
            ],
            "version": "==2022.1"
        },
        "sqlparse": {
            "hashes": [
                "sha256:0c00730c74263a94e5a9919ade150dfc3b19c574389985446148402998287dae",
                "sha256:48719e356bb8b42991bdbb1e8b83223757b93789c00910a616a071910ca4a64d"
            ],
            "markers": "python_version >= '3.5'",
            "version": "==0.4.2"
        },
        "tzdata": {
            "hashes": [
                "sha256:238e70234214138ed7b4e8a0fab0e5e13872edab3be586ab8198c407620e2ab9",
                "sha256:8b536a8ec63dc0751342b3984193a3118f8fca2afe25752bb9b7fffd398552d3"
            ],
            "markers": "sys_platform == 'win32'",
            "version": "==2022.1"
        }
    },
    "develop": {}
}
